Microsoft Visual Studio Solution File, Format Version 9.00
# Visual Studio 2005
Project("{FAE04EC0-301F-11D3-BF4B-00C04F79EFBC}") = "TerminalEmulator", "TerminalEmulator\TerminalEmulator.csproj", "{7F80731C-443A-4533-90D1-1643A5C1364E}"
EndProject
Project("{FAE04EC0-301F-11D3-BF4B-00C04F79EFBC}") = "Protocols", "Protocols\Protocols.csproj", "{04F18DA5-BF47-48A3-9B8B-B6B93DCBA875}"
EndProject
Project("{FAE04EC0-301F-11D3-BF4B-00C04F79EFBC}") = "Core", "Core\Core.csproj", "{8A416F19-9031-44A1-B225-BCB31A6BC6A7}"
EndProject
Project("{FAE04EC0-301F-11D3-BF4B-00C04F79EFBC}") = "TerminalSession", "TerminalSession\TerminalSession.csproj", "{4554E83A-2A00-47E2-AB5B-14A228895C17}"
EndProject
Project("{FAE04EC0-301F-11D3-BF4B-00C04F79EFBC}") = "Plugin", "Plugin\Plugin.csproj", "{D84B661B-503E-4C22-892B-7499B72C7E04}"
EndProject
Project("{FAE04EC0-301F-11D3-BF4B-00C04F79EFBC}") = "UI", "UI\UI.csproj", "{9568D8AC-7B55-42E0-ACD7-204E397E7048}"
EndProject
Project("{FAE04EC0-301F-11D3-BF4B-00C04F79EFBC}") = "Executable", "Executable\Executable.csproj", "{E8021FDF-730E-4D82-853C-7825B617E93D}"
EndProject
Project("{FAE04EC0-301F-11D3-BF4B-00C04F79EFBC}") = "TestAndDebug", "TestAndDebug\TestAndDebug.csproj", "{AED8E32D-956B-4C77-9BBD-65845A22949F}"
EndProject
Project("{FAE04EC0-301F-11D3-BF4B-00C04F79EFBC}") = "Usability", "Usability\Usability.csproj", "{7B6BA4DA-8390-4605-B979-C2D1CC09BD9A}"
EndProject
Project("{FAE04EC0-301F-11D3-BF4B-00C04F79EFBC}") = "SerialPort", "SerialPort\SerialPort.csproj", "{81770BDF-2F29-421D-AC02-10B647FC101A}"
EndProject
Project("{FAE04EC0-301F-11D3-BF4B-00C04F79EFBC}") = "XZModem", "XZModem\XZModem.csproj", "{94D36612-2006-49F3-802E-A7C59E9AFF12}"
EndProject
Project("{FAE04EC0-301F-11D3-BF4B-00C04F79EFBC}") = "PortForwardingCommand", "PortForwardingCommand\PortForwardingCommand.csproj", "{C9B6C0FE-904C-4809-887D-2AAA168AB1E1}"
EndProject
Project("{FAE04EC0-301F-11D3-BF4B-00C04F79EFBC}") = "Granados", "Granados\Granados.csproj", "{9D114B8B-E62C-4FBF-B281-0227755C8091}"
EndProject
Project("{FAE04EC0-301F-11D3-BF4B-00C04F79EFBC}") = "Macro", "Macro\Macro.csproj", "{55C7D90F-BFD3-4D7E-990B-8D6D0A0CF951}"
EndProject
Project("{FAE04EC0-301F-11D3-BF4B-00C04F79EFBC}") = "Benchmark", "Benchmark\Benchmark.csproj", "{1E6933D9-0701-434A-8B8A-80AA3B7A1B38}"
EndProject
Project("{FAE04EC0-301F-11D3-BF4B-00C04F79EFBC}") = "Pipe", "Pipe\Pipe.csproj", "{BA5ADFF2-747A-4090-B758-44C70FC1544F}"
EndProject
Project("{FAE04EC0-301F-11D3-BF4B-00C04F79EFBC}") = "SFTP", "SFTP\SFTP.csproj", "{A6D32222-4FA2-4197-9B48-36199FB49321}"
EndProject
Global
	GlobalSection(SolutionConfigurationPlatforms) = preSolution
		Debug(UIDesign)|Any CPU = Debug(UIDesign)|Any CPU
		Debug|Any CPU = Debug|Any CPU
		Release|Any CPU = Release|Any CPU
		UnitTest|Any CPU = UnitTest|Any CPU
	EndGlobalSection
	GlobalSection(ProjectConfigurationPlatforms) = postSolution
		{7F80731C-443A-4533-90D1-1643A5C1364E}.Debug(UIDesign)|Any CPU.ActiveCfg = Debug|Any CPU
		{7F80731C-443A-4533-90D1-1643A5C1364E}.Debug(UIDesign)|Any CPU.Build.0 = Debug|Any CPU
		{7F80731C-443A-4533-90D1-1643A5C1364E}.Debug|Any CPU.ActiveCfg = Debug|Any CPU
		{7F80731C-443A-4533-90D1-1643A5C1364E}.Debug|Any CPU.Build.0 = Debug|Any CPU
		{7F80731C-443A-4533-90D1-1643A5C1364E}.Release|Any CPU.ActiveCfg = Release|Any CPU
		{7F80731C-443A-4533-90D1-1643A5C1364E}.Release|Any CPU.Build.0 = Release|Any CPU
		{7F80731C-443A-4533-90D1-1643A5C1364E}.UnitTest|Any CPU.ActiveCfg = UnitTest|Any CPU
		{7F80731C-443A-4533-90D1-1643A5C1364E}.UnitTest|Any CPU.Build.0 = UnitTest|Any CPU
		{04F18DA5-BF47-48A3-9B8B-B6B93DCBA875}.Debug(UIDesign)|Any CPU.ActiveCfg = Debug|Any CPU
		{04F18DA5-BF47-48A3-9B8B-B6B93DCBA875}.Debug(UIDesign)|Any CPU.Build.0 = Debug|Any CPU
		{04F18DA5-BF47-48A3-9B8B-B6B93DCBA875}.Debug|Any CPU.ActiveCfg = Debug|Any CPU
		{04F18DA5-BF47-48A3-9B8B-B6B93DCBA875}.Debug|Any CPU.Build.0 = Debug|Any CPU
		{04F18DA5-BF47-48A3-9B8B-B6B93DCBA875}.Release|Any CPU.ActiveCfg = Release|Any CPU
		{04F18DA5-BF47-48A3-9B8B-B6B93DCBA875}.Release|Any CPU.Build.0 = Release|Any CPU
		{04F18DA5-BF47-48A3-9B8B-B6B93DCBA875}.UnitTest|Any CPU.ActiveCfg = UnitTest|Any CPU
		{04F18DA5-BF47-48A3-9B8B-B6B93DCBA875}.UnitTest|Any CPU.Build.0 = UnitTest|Any CPU
		{8A416F19-9031-44A1-B225-BCB31A6BC6A7}.Debug(UIDesign)|Any CPU.ActiveCfg = UIDesign|Any CPU
		{8A416F19-9031-44A1-B225-BCB31A6BC6A7}.Debug(UIDesign)|Any CPU.Build.0 = UIDesign|Any CPU
		{8A416F19-9031-44A1-B225-BCB31A6BC6A7}.Debug|Any CPU.ActiveCfg = Debug|Any CPU
		{8A416F19-9031-44A1-B225-BCB31A6BC6A7}.Debug|Any CPU.Build.0 = Debug|Any CPU
		{8A416F19-9031-44A1-B225-BCB31A6BC6A7}.Release|Any CPU.ActiveCfg = Release|Any CPU
		{8A416F19-9031-44A1-B225-BCB31A6BC6A7}.Release|Any CPU.Build.0 = Release|Any CPU
		{8A416F19-9031-44A1-B225-BCB31A6BC6A7}.UnitTest|Any CPU.ActiveCfg = UnitTest|Any CPU
		{8A416F19-9031-44A1-B225-BCB31A6BC6A7}.UnitTest|Any CPU.Build.0 = UnitTest|Any CPU
		{4554E83A-2A00-47E2-AB5B-14A228895C17}.Debug(UIDesign)|Any CPU.ActiveCfg = UIDesign|Any CPU
		{4554E83A-2A00-47E2-AB5B-14A228895C17}.Debug(UIDesign)|Any CPU.Build.0 = UIDesign|Any CPU
		{4554E83A-2A00-47E2-AB5B-14A228895C17}.Debug|Any CPU.ActiveCfg = Debug|Any CPU
		{4554E83A-2A00-47E2-AB5B-14A228895C17}.Debug|Any CPU.Build.0 = Debug|Any CPU
		{4554E83A-2A00-47E2-AB5B-14A228895C17}.Release|Any CPU.ActiveCfg = Release|Any CPU
		{4554E83A-2A00-47E2-AB5B-14A228895C17}.Release|Any CPU.Build.0 = Release|Any CPU
		{4554E83A-2A00-47E2-AB5B-14A228895C17}.UnitTest|Any CPU.ActiveCfg = Release|Any CPU
		{4554E83A-2A00-47E2-AB5B-14A228895C17}.UnitTest|Any CPU.Build.0 = Release|Any CPU
		{D84B661B-503E-4C22-892B-7499B72C7E04}.Debug(UIDesign)|Any CPU.ActiveCfg = Debug|Any CPU
		{D84B661B-503E-4C22-892B-7499B72C7E04}.Debug(UIDesign)|Any CPU.Build.0 = Debug|Any CPU
		{D84B661B-503E-4C22-892B-7499B72C7E04}.Debug|Any CPU.ActiveCfg = Debug|Any CPU
		{D84B661B-503E-4C22-892B-7499B72C7E04}.Debug|Any CPU.Build.0 = Debug|Any CPU
		{D84B661B-503E-4C22-892B-7499B72C7E04}.Release|Any CPU.ActiveCfg = Release|Any CPU
		{D84B661B-503E-4C22-892B-7499B72C7E04}.Release|Any CPU.Build.0 = Release|Any CPU
		{D84B661B-503E-4C22-892B-7499B72C7E04}.UnitTest|Any CPU.ActiveCfg = UnitTest|Any CPU
		{D84B661B-503E-4C22-892B-7499B72C7E04}.UnitTest|Any CPU.Build.0 = UnitTest|Any CPU
		{9568D8AC-7B55-42E0-ACD7-204E397E7048}.Debug(UIDesign)|Any CPU.ActiveCfg = Debug|Any CPU
		{9568D8AC-7B55-42E0-ACD7-204E397E7048}.Debug(UIDesign)|Any CPU.Build.0 = Debug|Any CPU
		{9568D8AC-7B55-42E0-ACD7-204E397E7048}.Debug|Any CPU.ActiveCfg = Debug|Any CPU
		{9568D8AC-7B55-42E0-ACD7-204E397E7048}.Debug|Any CPU.Build.0 = Debug|Any CPU
		{9568D8AC-7B55-42E0-ACD7-204E397E7048}.Release|Any CPU.ActiveCfg = Release|Any CPU
		{9568D8AC-7B55-42E0-ACD7-204E397E7048}.Release|Any CPU.Build.0 = Release|Any CPU
		{9568D8AC-7B55-42E0-ACD7-204E397E7048}.UnitTest|Any CPU.ActiveCfg = UnitTest|Any CPU
		{9568D8AC-7B55-42E0-ACD7-204E397E7048}.UnitTest|Any CPU.Build.0 = UnitTest|Any CPU
		{E8021FDF-730E-4D82-853C-7825B617E93D}.Debug(UIDesign)|Any CPU.ActiveCfg = Debug|Any CPU
		{E8021FDF-730E-4D82-853C-7825B617E93D}.Debug(UIDesign)|Any CPU.Build.0 = Debug|Any CPU
		{E8021FDF-730E-4D82-853C-7825B617E93D}.Debug|Any CPU.ActiveCfg = Debug|Any CPU
		{E8021FDF-730E-4D82-853C-7825B617E93D}.Debug|Any CPU.Build.0 = Debug|Any CPU
		{E8021FDF-730E-4D82-853C-7825B617E93D}.Release|Any CPU.ActiveCfg = Release|Any CPU
		{E8021FDF-730E-4D82-853C-7825B617E93D}.Release|Any CPU.Build.0 = Release|Any CPU
		{E8021FDF-730E-4D82-853C-7825B617E93D}.UnitTest|Any CPU.ActiveCfg = UnitTest|Any CPU
		{E8021FDF-730E-4D82-853C-7825B617E93D}.UnitTest|Any CPU.Build.0 = UnitTest|Any CPU
		{AED8E32D-956B-4C77-9BBD-65845A22949F}.Debug(UIDesign)|Any CPU.ActiveCfg = Debug|Any CPU
		{AED8E32D-956B-4C77-9BBD-65845A22949F}.Debug(UIDesign)|Any CPU.Build.0 = Debug|Any CPU
		{AED8E32D-956B-4C77-9BBD-65845A22949F}.Debug|Any CPU.ActiveCfg = Debug|Any CPU
		{AED8E32D-956B-4C77-9BBD-65845A22949F}.Debug|Any CPU.Build.0 = Debug|Any CPU
		{AED8E32D-956B-4C77-9BBD-65845A22949F}.Release|Any CPU.ActiveCfg = Release|Any CPU
		{AED8E32D-956B-4C77-9BBD-65845A22949F}.Release|Any CPU.Build.0 = Release|Any CPU
		{AED8E32D-956B-4C77-9BBD-65845A22949F}.UnitTest|Any CPU.ActiveCfg = Release|Any CPU
		{AED8E32D-956B-4C77-9BBD-65845A22949F}.UnitTest|Any CPU.Build.0 = Release|Any CPU
		{7B6BA4DA-8390-4605-B979-C2D1CC09BD9A}.Debug(UIDesign)|Any CPU.ActiveCfg = Debug|Any CPU
		{7B6BA4DA-8390-4605-B979-C2D1CC09BD9A}.Debug(UIDesign)|Any CPU.Build.0 = Debug|Any CPU
		{7B6BA4DA-8390-4605-B979-C2D1CC09BD9A}.Debug|Any CPU.ActiveCfg = Debug|Any CPU
		{7B6BA4DA-8390-4605-B979-C2D1CC09BD9A}.Debug|Any CPU.Build.0 = Debug|Any CPU
		{7B6BA4DA-8390-4605-B979-C2D1CC09BD9A}.Release|Any CPU.ActiveCfg = Release|Any CPU
		{7B6BA4DA-8390-4605-B979-C2D1CC09BD9A}.Release|Any CPU.Build.0 = Release|Any CPU
		{7B6BA4DA-8390-4605-B979-C2D1CC09BD9A}.UnitTest|Any CPU.ActiveCfg = Release|Any CPU
		{7B6BA4DA-8390-4605-B979-C2D1CC09BD9A}.UnitTest|Any CPU.Build.0 = Release|Any CPU
		{81770BDF-2F29-421D-AC02-10B647FC101A}.Debug(UIDesign)|Any CPU.ActiveCfg = Debug|Any CPU
		{81770BDF-2F29-421D-AC02-10B647FC101A}.Debug(UIDesign)|Any CPU.Build.0 = Debug|Any CPU
		{81770BDF-2F29-421D-AC02-10B647FC101A}.Debug|Any CPU.ActiveCfg = Debug|Any CPU
		{81770BDF-2F29-421D-AC02-10B647FC101A}.Debug|Any CPU.Build.0 = Debug|Any CPU
		{81770BDF-2F29-421D-AC02-10B647FC101A}.Release|Any CPU.ActiveCfg = Release|Any CPU
		{81770BDF-2F29-421D-AC02-10B647FC101A}.Release|Any CPU.Build.0 = Release|Any CPU
		{81770BDF-2F29-421D-AC02-10B647FC101A}.UnitTest|Any CPU.ActiveCfg = Release|Any CPU
		{81770BDF-2F29-421D-AC02-10B647FC101A}.UnitTest|Any CPU.Build.0 = Release|Any CPU
		{94D36612-2006-49F3-802E-A7C59E9AFF12}.Debug(UIDesign)|Any CPU.ActiveCfg = Debug|Any CPU
		{94D36612-2006-49F3-802E-A7C59E9AFF12}.Debug(UIDesign)|Any CPU.Build.0 = Debug|Any CPU
		{94D36612-2006-49F3-802E-A7C59E9AFF12}.Debug|Any CPU.ActiveCfg = Debug|Any CPU
		{94D36612-2006-49F3-802E-A7C59E9AFF12}.Debug|Any CPU.Build.0 = Debug|Any CPU
		{94D36612-2006-49F3-802E-A7C59E9AFF12}.Release|Any CPU.ActiveCfg = Release|Any CPU
		{94D36612-2006-49F3-802E-A7C59E9AFF12}.Release|Any CPU.Build.0 = Release|Any CPU
		{94D36612-2006-49F3-802E-A7C59E9AFF12}.UnitTest|Any CPU.ActiveCfg = Release|Any CPU
		{94D36612-2006-49F3-802E-A7C59E9AFF12}.UnitTest|Any CPU.Build.0 = Release|Any CPU
		{C9B6C0FE-904C-4809-887D-2AAA168AB1E1}.Debug(UIDesign)|Any CPU.ActiveCfg = Debug|Any CPU
		{C9B6C0FE-904C-4809-887D-2AAA168AB1E1}.Debug(UIDesign)|Any CPU.Build.0 = Debug|Any CPU
		{C9B6C0FE-904C-4809-887D-2AAA168AB1E1}.Debug|Any CPU.ActiveCfg = Debug|Any CPU
		{C9B6C0FE-904C-4809-887D-2AAA168AB1E1}.Debug|Any CPU.Build.0 = Debug|Any CPU
		{C9B6C0FE-904C-4809-887D-2AAA168AB1E1}.Release|Any CPU.ActiveCfg = Release|Any CPU
		{C9B6C0FE-904C-4809-887D-2AAA168AB1E1}.Release|Any CPU.Build.0 = Release|Any CPU
		{C9B6C0FE-904C-4809-887D-2AAA168AB1E1}.UnitTest|Any CPU.ActiveCfg = Release|Any CPU
		{C9B6C0FE-904C-4809-887D-2AAA168AB1E1}.UnitTest|Any CPU.Build.0 = Release|Any CPU
		{9D114B8B-E62C-4FBF-B281-0227755C8091}.Debug(UIDesign)|Any CPU.ActiveCfg = Debug|Any CPU
		{9D114B8B-E62C-4FBF-B281-0227755C8091}.Debug(UIDesign)|Any CPU.Build.0 = Debug|Any CPU
		{9D114B8B-E62C-4FBF-B281-0227755C8091}.Debug|Any CPU.ActiveCfg = Debug|Any CPU
		{9D114B8B-E62C-4FBF-B281-0227755C8091}.Debug|Any CPU.Build.0 = Debug|Any CPU
		{9D114B8B-E62C-4FBF-B281-0227755C8091}.Release|Any CPU.ActiveCfg = Release|Any CPU
		{9D114B8B-E62C-4FBF-B281-0227755C8091}.Release|Any CPU.Build.0 = Release|Any CPU
		{9D114B8B-E62C-4FBF-B281-0227755C8091}.UnitTest|Any CPU.ActiveCfg = UnitTest|Any CPU
		{9D114B8B-E62C-4FBF-B281-0227755C8091}.UnitTest|Any CPU.Build.0 = UnitTest|Any CPU
		{55C7D90F-BFD3-4D7E-990B-8D6D0A0CF951}.Debug(UIDesign)|Any CPU.ActiveCfg = Debug|Any CPU
		{55C7D90F-BFD3-4D7E-990B-8D6D0A0CF951}.Debug(UIDesign)|Any CPU.Build.0 = Debug|Any CPU
		{55C7D90F-BFD3-4D7E-990B-8D6D0A0CF951}.Debug|Any CPU.ActiveCfg = Debug|Any CPU
		{55C7D90F-BFD3-4D7E-990B-8D6D0A0CF951}.Debug|Any CPU.Build.0 = Debug|Any CPU
		{55C7D90F-BFD3-4D7E-990B-8D6D0A0CF951}.Release|Any CPU.ActiveCfg = Release|Any CPU
		{55C7D90F-BFD3-4D7E-990B-8D6D0A0CF951}.Release|Any CPU.Build.0 = Release|Any CPU
		{55C7D90F-BFD3-4D7E-990B-8D6D0A0CF951}.UnitTest|Any CPU.ActiveCfg = Release|Any CPU
		{55C7D90F-BFD3-4D7E-990B-8D6D0A0CF951}.UnitTest|Any CPU.Build.0 = Release|Any CPU
		{1E6933D9-0701-434A-8B8A-80AA3B7A1B38}.Debug(UIDesign)|Any CPU.ActiveCfg = Debug|Any CPU
		{1E6933D9-0701-434A-8B8A-80AA3B7A1B38}.Debug(UIDesign)|Any CPU.Build.0 = Debug|Any CPU
		{1E6933D9-0701-434A-8B8A-80AA3B7A1B38}.Debug|Any CPU.ActiveCfg = Debug|Any CPU
		{1E6933D9-0701-434A-8B8A-80AA3B7A1B38}.Debug|Any CPU.Build.0 = Debug|Any CPU
		{1E6933D9-0701-434A-8B8A-80AA3B7A1B38}.Release|Any CPU.ActiveCfg = Release|Any CPU
		{1E6933D9-0701-434A-8B8A-80AA3B7A1B38}.Release|Any CPU.Build.0 = Release|Any CPU
		{1E6933D9-0701-434A-8B8A-80AA3B7A1B38}.UnitTest|Any CPU.ActiveCfg = Release|Any CPU
		{1E6933D9-0701-434A-8B8A-80AA3B7A1B38}.UnitTest|Any CPU.Build.0 = Release|Any CPU
		{BA5ADFF2-747A-4090-B758-44C70FC1544F}.Debug(UIDesign)|Any CPU.ActiveCfg = Debug|Any CPU
		{BA5ADFF2-747A-4090-B758-44C70FC1544F}.Debug(UIDesign)|Any CPU.Build.0 = Debug|Any CPU
		{BA5ADFF2-747A-4090-B758-44C70FC1544F}.Debug|Any CPU.ActiveCfg = Debug|Any CPU
		{BA5ADFF2-747A-4090-B758-44C70FC1544F}.Debug|Any CPU.Build.0 = Debug|Any CPU
		{BA5ADFF2-747A-4090-B758-44C70FC1544F}.Release|Any CPU.ActiveCfg = Release|Any CPU
		{BA5ADFF2-747A-4090-B758-44C70FC1544F}.Release|Any CPU.Build.0 = Release|Any CPU
		{BA5ADFF2-747A-4090-B758-44C70FC1544F}.UnitTest|Any CPU.ActiveCfg = Release|Any CPU
		{BA5ADFF2-747A-4090-B758-44C70FC1544F}.UnitTest|Any CPU.Build.0 = Release|Any CPU
		{A6D32222-4FA2-4197-9B48-36199FB49321}.Debug(UIDesign)|Any CPU.ActiveCfg = Debug|Any CPU
		{A6D32222-4FA2-4197-9B48-36199FB49321}.Debug(UIDesign)|Any CPU.Build.0 = Debug|Any CPU
		{A6D32222-4FA2-4197-9B48-36199FB49321}.Debug|Any CPU.ActiveCfg = Debug|Any CPU
		{A6D32222-4FA2-4197-9B48-36199FB49321}.Debug|Any CPU.Build.0 = Debug|Any CPU
		{A6D32222-4FA2-4197-9B48-36199FB49321}.Release|Any CPU.ActiveCfg = Release|Any CPU
		{A6D32222-4FA2-4197-9B48-36199FB49321}.Release|Any CPU.Build.0 = Release|Any CPU
		{A6D32222-4FA2-4197-9B48-36199FB49321}.UnitTest|Any CPU.ActiveCfg = Release|Any CPU
		{A6D32222-4FA2-4197-9B48-36199FB49321}.UnitTest|Any CPU.Build.0 = Release|Any CPU
	EndGlobalSection
	GlobalSection(SolutionProperties) = preSolution
		HideSolutionNode = FALSE
	EndGlobalSection
EndGlobal
